
Microsoft Visual Studio Solution File, Format Version 12.00
Project("{FAE04EC0-301F-11D3-BF4B-00C04F79EFBC}") = "Basic", "Basic\Basic.csproj", "{0B22F142-D3D1-4857-B472-6E807B77D674}"
EndProject
Project("{FAE04EC0-301F-11D3-BF4B-00C04F79EFBC}") = "OAuthClient", "OAuthClient\OAuthClient.csproj", "{A05013DA-4C12-46CC-A4F3-E3F9F90560FB}"
EndProject
Project("{FAE04EC0-301F-11D3-BF4B-00C04F79EFBC}") = "OAuthAPI", "OAuthAPI\OAuthAPI.csproj", "{AEA7544E-069A-4FB8-BAC3-7F0914B164D3}"
EndProject
Global
	GlobalSection(SolutionConfigurationPlatforms) = preSolution
		Debug|Any CPU = Debug|Any CPU
		Release|Any CPU = Release|Any CPU
	EndGlobalSection
	GlobalSection(ProjectConfigurationPlatforms) = postSolution
		{0B22F142-D3D1-4857-B472-6E807B77D674}.Debug|Any CPU.ActiveCfg = Debug|Any CPU
		{0B22F142-D3D1-4857-B472-6E807B77D674}.Debug|Any CPU.Build.0 = Debug|Any CPU
		{0B22F142-D3D1-4857-B472-6E807B77D674}.Release|Any CPU.ActiveCfg = Release|Any CPU
		{0B22F142-D3D1-4857-B472-6E807B77D674}.Release|Any CPU.Build.0 = Release|Any CPU
		{A05013DA-4C12-46CC-A4F3-E3F9F90560FB}.Debug|Any CPU.ActiveCfg = Debug|Any CPU
		{A05013DA-4C12-46CC-A4F3-E3F9F90560FB}.Debug|Any CPU.Build.0 = Debug|Any CPU
		{A05013DA-4C12-46CC-A4F3-E3F9F90560FB}.Release|Any CPU.ActiveCfg = Release|Any CPU
		{A05013DA-4C12-46CC-A4F3-E3F9F90560FB}.Release|Any CPU.Build.0 = Release|Any CPU
		{AEA7544E-069A-4FB8-BAC3-7F0914B164D3}.Debug|Any CPU.ActiveCfg = Debug|Any CPU
		{AEA7544E-069A-4FB8-BAC3-7F0914B164D3}.Debug|Any CPU.Build.0 = Debug|Any CPU
		{AEA7544E-069A-4FB8-BAC3-7F0914B164D3}.Release|Any CPU.ActiveCfg = Release|Any CPU
		{AEA7544E-069A-4FB8-BAC3-7F0914B164D3}.Release|Any CPU.Build.0 = Release|Any CPU
	EndGlobalSection
EndGlobal
